// !$*UTF8*$!
{
	archiveVersion = 1;
	classes = {
	};
	objectVersion = 56;
	objects = {

/* Begin PBXBuildFile section */
		122291492A0D07500058BBCF /* StringsExtension.swift in Sources */ = {isa = PBXBuildFile; fileRef = 122291482A0D07500058BBCF /* StringsExtension.swift */; };
		1222914B2A0D08300058BBCF /* PhoneNumberTest.swift in Sources */ = {isa = PBXBuildFile; fileRef = 1222914A2A0D08300058BBCF /* PhoneNumberTest.swift */; };
		124FF4B72A057BA70071399E /* LoginServiceManager.swift in Sources */ = {isa = PBXBuildFile; fileRef = 124FF4B62A057BA70071399E /* LoginServiceManager.swift */; };
		124FF4B92A057BBA0071399E /* RegistrationServiceManager.swift in Sources */ = {isa = PBXBuildFile; fileRef = 124FF4B82A057BBA0071399E /* RegistrationServiceManager.swift */; };
		124FF4BB2A057BCA0071399E /* ProfileServiceManager.swift in Sources */ = {isa = PBXBuildFile; fileRef = 124FF4BA2A057BCA0071399E /* ProfileServiceManager.swift */; };
		124FF4C22A0585290071399E /* LoginViewController.swift in Sources */ = {isa = PBXBuildFile; fileRef = 124FF4C12A0585290071399E /* LoginViewController.swift */; };
		124FF4C52A0585690071399E /* LoginPresenter.swift in Sources */ = {isa = PBXBuildFile; fileRef = 124FF4C42A0585690071399E /* LoginPresenter.swift */; };
		124FF4C72A05857C0071399E /* LoginRouter.swift in Sources */ = {isa = PBXBuildFile; fileRef = 124FF4C62A05857C0071399E /* LoginRouter.swift */; };
		124FF4C92A0585910071399E /* LoginInteractor.swift in Sources */ = {isa = PBXBuildFile; fileRef = 124FF4C82A0585910071399E /* LoginInteractor.swift */; };
		1260C3502A05917500FAA8B4 /* RegistrationPresenter.swift in Sources */ = {isa = PBXBuildFile; fileRef = 1260C34F2A05917500FAA8B4 /* RegistrationPresenter.swift */; };
		1260C3522A05918600FAA8B4 /* RegistrationRouter.swift in Sources */ = {isa = PBXBuildFile; fileRef = 1260C3512A05918600FAA8B4 /* RegistrationRouter.swift */; };
		1260C3542A05919A00FAA8B4 /* RegistrationInteractor.swift in Sources */ = {isa = PBXBuildFile; fileRef = 1260C3532A05919A00FAA8B4 /* RegistrationInteractor.swift */; };
		1260C3562A0591BA00FAA8B4 /* ProfilePresenter.swift in Sources */ = {isa = PBXBuildFile; fileRef = 1260C3552A0591BA00FAA8B4 /* ProfilePresenter.swift */; };
		1260C3582A0591C700FAA8B4 /* ProfileRouter.swift in Sources */ = {isa = PBXBuildFile; fileRef = 1260C3572A0591C700FAA8B4 /* ProfileRouter.swift */; };
		1260C35A2A0591D600FAA8B4 /* ProfileInteractor.swift in Sources */ = {isa = PBXBuildFile; fileRef = 1260C3592A0591D600FAA8B4 /* ProfileInteractor.swift */; };
		1260C35C2A0591F100FAA8B4 /* VerifyOTPPresenter.swift in Sources */ = {isa = PBXBuildFile; fileRef = 1260C35B2A0591F100FAA8B4 /* VerifyOTPPresenter.swift */; };
		1260C35E2A0591FE00FAA8B4 /* VerifyOTPRouter.swift in Sources */ = {isa = PBXBuildFile; fileRef = 1260C35D2A0591FE00FAA8B4 /* VerifyOTPRouter.swift */; };
		1260C3602A05920A00FAA8B4 /* VerifyOTPInteractor.swift in Sources */ = {isa = PBXBuildFile; fileRef = 1260C35F2A05920A00FAA8B4 /* VerifyOTPInteractor.swift */; };
		1260D1982A0777C30045AA1B /* SpeedyyTests.swift in Sources */ = {isa = PBXBuildFile; fileRef = 1260D1972A0777C30045AA1B /* SpeedyyTests.swift */; };
		1260D19F2A0779CB0045AA1B /* LoginTests.swift in Sources */ = {isa = PBXBuildFile; fileRef = 1260D19E2A0779CB0045AA1B /* LoginTests.swift */; };
		1260D1A12A0779F70045AA1B /* RegistrationTests.swift in Sources */ = {isa = PBXBuildFile; fileRef = 1260D1A02A0779F70045AA1B /* RegistrationTests.swift */; };
		1260D1A32A077A090045AA1B /* LoginVerifyOTPTests.swift in Sources */ = {isa = PBXBuildFile; fileRef = 1260D1A22A077A090045AA1B /* LoginVerifyOTPTests.swift */; };
		12644DD72A04CD4400488663 /* RegisterNewUser.swift in Sources */ = {isa = PBXBuildFile; fileRef = 12644DD62A04CD4400488663 /* RegisterNewUser.swift */; };
		12644DD92A04CDDF00488663 /* VerifyOTP.swift in Sources */ = {isa = PBXBuildFile; fileRef = 12644DD82A04CDDF00488663 /* VerifyOTP.swift */; };
		12644DDB2A04CE3600488663 /* LoginPhoneNumber.swift in Sources */ = {isa = PBXBuildFile; fileRef = 12644DDA2A04CE3600488663 /* LoginPhoneNumber.swift */; };
		12644DDD2A04CEDC00488663 /* ServiceManager.swift in Sources */ = {isa = PBXBuildFile; fileRef = 12644DDC2A04CEDC00488663 /* ServiceManager.swift */; };
		12644DDF2A04EF1000488663 /* HomeViewController.swift in Sources */ = {isa = PBXBuildFile; fileRef = 12644DDE2A04EF1000488663 /* HomeViewController.swift */; };
		12644DE12A04F0EE00488663 /* RegistrationOTPResponse.swift in Sources */ = {isa = PBXBuildFile; fileRef = 12644DE02A04F0EE00488663 /* RegistrationOTPResponse.swift */; };
		12644DE32A04FF7900488663 /* LoginOTPResponse.swift in Sources */ = {isa = PBXBuildFile; fileRef = 12644DE22A04FF7900488663 /* LoginOTPResponse.swift */; };
		12644DE52A050E7600488663 /* MainTabBarViewController.swift in Sources */ = {isa = PBXBuildFile; fileRef = 12644DE42A050E7500488663 /* MainTabBarViewController.swift */; };
		12644DE72A050F3600488663 /* ProfileViewController.swift in Sources */ = {isa = PBXBuildFile; fileRef = 12644DE62A050F3600488663 /* ProfileViewController.swift */; };
		126CE4792A03F7CE005A5FA3 /* UITextFieldExtension.swift in Sources */ = {isa = PBXBuildFile; fileRef = 126CE4782A03F7CE005A5FA3 /* UITextFieldExtension.swift */; };
		127851FF2A03790800929F2E /* AppDelegate.swift in Sources */ = {isa = PBXBuildFile; fileRef = 127851FE2A03790800929F2E /* AppDelegate.swift */; };
		127852012A03790800929F2E /* SceneDelegate.swift in Sources */ = {isa = PBXBuildFile; fileRef = 127852002A03790800929F2E /* SceneDelegate.swift */; };
		127852032A03790800929F2E /* OnboardingViewController.swift in Sources */ = {isa = PBXBuildFile; fileRef = 127852022A03790800929F2E /* OnboardingViewController.swift */; };
		127852082A03790900929F2E /* Assets.xcassets in Resources */ = {isa = PBXBuildFile; fileRef = 127852072A03790900929F2E /* Assets.xcassets */; };
		1278520B2A03790900929F2E /* LaunchScreen.storyboard in Resources */ = {isa = PBXBuildFile; fileRef = 127852092A03790900929F2E /* LaunchScreen.storyboard */; };
		127852132A03979000929F2E /* OnboardingCollectionViewCell.swift in Sources */ = {isa = PBXBuildFile; fileRef = 127852122A03979000929F2E /* OnboardingCollectionViewCell.swift */; };
		127852172A03AEBB00929F2E /* RegisterViewController.swift in Sources */ = {isa = PBXBuildFile; fileRef = 127852162A03AEBB00929F2E /* RegisterViewController.swift */; };
		1278521B2A03C59A00929F2E /* ViewControllerExtension.swift in Sources */ = {isa = PBXBuildFile; fileRef = 1278521A2A03C59A00929F2E /* ViewControllerExtension.swift */; };
		1278521D2A03D38200929F2E /* VerifyOTPViewController.swift in Sources */ = {isa = PBXBuildFile; fileRef = 1278521C2A03D38200929F2E /* VerifyOTPViewController.swift */; };
		127A3D162A07911500A10739 /* RegistrationVerifyOTPTests.swift in Sources */ = {isa = PBXBuildFile; fileRef = 127A3D152A07911500A10739 /* RegistrationVerifyOTPTests.swift */; };
		1280522C2A06184E004F2ECD /* UpdateProfile.swift in Sources */ = {isa = PBXBuildFile; fileRef = 1280522B2A06184E004F2ECD /* UpdateProfile.swift */; };
/* End PBXBuildFile section */

/* Begin PBXContainerItemProxy section */
		1260D1992A0777C30045AA1B /* PBXContainerItemProxy */ = {
			isa = PBXContainerItemProxy;
			containerPortal = 127851F32A03790800929F2E /* Project object */;
			proxyType = 1;
			remoteGlobalIDString = 127851FA2A03790800929F2E;
			remoteInfo = Speedyy;
		};
/* End PBXContainerItemProxy section */

/* Begin PBXFileReference section */
		122291482A0D07500058BBCF /* StringsExtension.swift */ = {isa = PBXFileReference; lastKnownFileType = sourcecode.swift; path = StringsExtension.swift; sourceTree = "<group>"; };
		1222914A2A0D08300058BBCF /* PhoneNumberTest.swift */ = {isa = PBXFileReference; lastKnownFileType = sourcecode.swift; path = PhoneNumberTest.swift; sourceTree = "<group>"; };
		124FF4B62A057BA70071399E /* LoginServiceManager.swift */ = {isa = PBXFileReference; lastKnownFileType = sourcecode.swift; path = LoginServiceManager.swift; sourceTree = "<group>"; };
		124FF4B82A057BBA0071399E /* RegistrationServiceManager.swift */ = {isa = PBXFileReference; lastKnownFileType = sourcecode.swift; path = RegistrationServiceManager.swift; sourceTree = "<group>"; };
		124FF4BA2A057BCA0071399E /* ProfileServiceManager.swift */ = {isa = PBXFileReference; lastKnownFileType = sourcecode.swift; path = ProfileServiceManager.swift; sourceTree = "<group>"; };
		124FF4C12A0585290071399E /* LoginViewController.swift */ = {isa = PBXFileReference; fileEncoding = 4; lastKnownFileType = sourcecode.swift; path = LoginViewController.swift; sourceTree = "<group>"; };
		124FF4C42A0585690071399E /* LoginPresenter.swift */ = {isa = PBXFileReference; lastKnownFileType = sourcecode.swift; path = LoginPresenter.swift; sourceTree = "<group>"; };
		124FF4C62A05857C0071399E /* LoginRouter.swift */ = {isa = PBXFileReference; lastKnownFileType = sourcecode.swift; path = LoginRouter.swift; sourceTree = "<group>"; };
		124FF4C82A0585910071399E /* LoginInteractor.swift */ = {isa = PBXFileReference; lastKnownFileType = sourcecode.swift; path = LoginInteractor.swift; sourceTree = "<group>"; };
		1260C34F2A05917500FAA8B4 /* RegistrationPresenter.swift */ = {isa = PBXFileReference; lastKnownFileType = sourcecode.swift; path = RegistrationPresenter.swift; sourceTree = "<group>"; };
		1260C3512A05918600FAA8B4 /* RegistrationRouter.swift */ = {isa = PBXFileReference; lastKnownFileType = sourcecode.swift; path = RegistrationRouter.swift; sourceTree = "<group>"; };
		1260C3532A05919A00FAA8B4 /* RegistrationInteractor.swift */ = {isa = PBXFileReference; lastKnownFileType = sourcecode.swift; path = RegistrationInteractor.swift; sourceTree = "<group>"; };
		1260C3552A0591BA00FAA8B4 /* ProfilePresenter.swift */ = {isa = PBXFileReference; lastKnownFileType = sourcecode.swift; path = ProfilePresenter.swift; sourceTree = "<group>"; };
		1260C3572A0591C700FAA8B4 /* ProfileRouter.swift */ = {isa = PBXFileReference; lastKnownFileType = sourcecode.swift; path = ProfileRouter.swift; sourceTree = "<group>"; };
		1260C3592A0591D600FAA8B4 /* ProfileInteractor.swift */ = {isa = PBXFileReference; lastKnownFileType = sourcecode.swift; path = ProfileInteractor.swift; sourceTree = "<group>"; };
		1260C35B2A0591F100FAA8B4 /* VerifyOTPPresenter.swift */ = {isa = PBXFileReference; lastKnownFileType = sourcecode.swift; path = VerifyOTPPresenter.swift; sourceTree = "<group>"; };
		1260C35D2A0591FE00FAA8B4 /* VerifyOTPRouter.swift */ = {isa = PBXFileReference; lastKnownFileType = sourcecode.swift; path = VerifyOTPRouter.swift; sourceTree = "<group>"; };
		1260C35F2A05920A00FAA8B4 /* VerifyOTPInteractor.swift */ = {isa = PBXFileReference; lastKnownFileType = sourcecode.swift; path = VerifyOTPInteractor.swift; sourceTree = "<group>"; };
		1260D1952A0777C30045AA1B /* SpeedyyTests.xctest */ = {isa = PBXFileReference; explicitFileType = wrapper.cfbundle; includeInIndex = 0; path = SpeedyyTests.xctest; sourceTree = BUILT_PRODUCTS_DIR; };
		1260D1972A0777C30045AA1B /* SpeedyyTests.swift */ = {isa = PBXFileReference; lastKnownFileType = sourcecode.swift; path = SpeedyyTests.swift; sourceTree = "<group>"; };
		1260D19E2A0779CB0045AA1B /* LoginTests.swift */ = {isa = PBXFileReference; lastKnownFileType = sourcecode.swift; path = LoginTests.swift; sourceTree = "<group>"; };
		1260D1A02A0779F70045AA1B /* RegistrationTests.swift */ = {isa = PBXFileReference; lastKnownFileType = sourcecode.swift; path = RegistrationTests.swift; sourceTree = "<group>"; };
		1260D1A22A077A090045AA1B /* LoginVerifyOTPTests.swift */ = {isa = PBXFileReference; lastKnownFileType = sourcecode.swift; path = LoginVerifyOTPTests.swift; sourceTree = "<group>"; };
		12644DD62A04CD4400488663 /* RegisterNewUser.swift */ = {isa = PBXFileReference; lastKnownFileType = sourcecode.swift; path = RegisterNewUser.swift; sourceTree = "<group>"; };
		12644DD82A04CDDF00488663 /* VerifyOTP.swift */ = {isa = PBXFileReference; lastKnownFileType = sourcecode.swift; path = VerifyOTP.swift; sourceTree = "<group>"; };
		12644DDA2A04CE3600488663 /* LoginPhoneNumber.swift */ = {isa = PBXFileReference; lastKnownFileType = sourcecode.swift; path = LoginPhoneNumber.swift; sourceTree = "<group>"; };
		12644DDC2A04CEDC00488663 /* ServiceManager.swift */ = {isa = PBXFileReference; lastKnownFileType = sourcecode.swift; path = ServiceManager.swift; sourceTree = "<group>"; };
		12644DDE2A04EF1000488663 /* HomeViewController.swift */ = {isa = PBXFileReference; lastKnownFileType = sourcecode.swift; path = HomeViewController.swift; sourceTree = "<group>"; };
		12644DE02A04F0EE00488663 /* RegistrationOTPResponse.swift */ = {isa = PBXFileReference; lastKnownFileType = sourcecode.swift; path = RegistrationOTPResponse.swift; sourceTree = "<group>"; };
		12644DE22A04FF7900488663 /* LoginOTPResponse.swift */ = {isa = PBXFileReference; lastKnownFileType = sourcecode.swift; path = LoginOTPResponse.swift; sourceTree = "<group>"; };
		12644DE42A050E7500488663 /* MainTabBarViewController.swift */ = {isa = PBXFileReference; lastKnownFileType = sourcecode.swift; path = MainTabBarViewController.swift; sourceTree = "<group>"; };
		12644DE62A050F3600488663 /* ProfileViewController.swift */ = {isa = PBXFileReference; lastKnownFileType = sourcecode.swift; path = ProfileViewController.swift; sourceTree = "<group>"; };
		126CE4782A03F7CE005A5FA3 /* UITextFieldExtension.swift */ = {isa = PBXFileReference; lastKnownFileType = sourcecode.swift; path = UITextFieldExtension.swift; sourceTree = "<group>"; };
		127851FB2A03790800929F2E /* Speedyy.app */ = {isa = PBXFileReference; explicitFileType = wrapper.application; includeInIndex = 0; path = Speedyy.app; sourceTree = BUILT_PRODUCTS_DIR; };
		127851FE2A03790800929F2E /* AppDelegate.swift */ = {isa = PBXFileReference; lastKnownFileType = sourcecode.swift; path = AppDelegate.swift; sourceTree = "<group>"; };
		127852002A03790800929F2E /* SceneDelegate.swift */ = {isa = PBXFileReference; lastKnownFileType = sourcecode.swift; path = SceneDelegate.swift; sourceTree = "<group>"; };
		127852022A03790800929F2E /* OnboardingViewController.swift */ = {isa = PBXFileReference; lastKnownFileType = sourcecode.swift; path = OnboardingViewController.swift; sourceTree = "<group>"; };
		127852072A03790900929F2E /* Assets.xcassets */ = {isa = PBXFileReference; lastKnownFileType = folder.assetcatalog; path = Assets.xcassets; sourceTree = "<group>"; };
		1278520A2A03790900929F2E /* Base */ = {isa = PBXFileReference; lastKnownFileType = file.storyboard; name = Base; path = Base.lproj/LaunchScreen.storyboard; sourceTree = "<group>"; };
		1278520C2A03790900929F2E /* Info.plist */ = {isa = PBXFileReference; lastKnownFileType = text.plist.xml; path = Info.plist; sourceTree = "<group>"; };
		127852122A03979000929F2E /* OnboardingCollectionViewCell.swift */ = {isa = PBXFileReference; lastKnownFileType = sourcecode.swift; path = OnboardingCollectionViewCell.swift; sourceTree = "<group>"; };
		127852162A03AEBB00929F2E /* RegisterViewController.swift */ = {isa = PBXFileReference; lastKnownFileType = sourcecode.swift; path = RegisterViewController.swift; sourceTree = "<group>"; };
		1278521A2A03C59A00929F2E /* ViewControllerExtension.swift */ = {isa = PBXFileReference; lastKnownFileType = sourcecode.swift; path = ViewControllerExtension.swift; sourceTree = "<group>"; };
		1278521C2A03D38200929F2E /* VerifyOTPViewController.swift */ = {isa = PBXFileReference; lastKnownFileType = sourcecode.swift; path = VerifyOTPViewController.swift; sourceTree = "<group>"; };
		127A3D152A07911500A10739 /* RegistrationVerifyOTPTests.swift */ = {isa = PBXFileReference; lastKnownFileType = sourcecode.swift; path = RegistrationVerifyOTPTests.swift; sourceTree = "<group>"; };
		1280522B2A06184E004F2ECD /* UpdateProfile.swift */ = {isa = PBXFileReference; lastKnownFileType = sourcecode.swift; path = UpdateProfile.swift; sourceTree = "<group>"; };
/* End PBXFileReference section */

/* Begin PBXFrameworksBuildPhase section */
		1260D1922A0777C30045AA1B /* Frameworks */ = {
			isa = PBXFrameworksBuildPhase;
			buildActionMask = 2147483647;
			files = (
			);
			runOnlyForDeploymentPostprocessing = 0;
		};
		127851F82A03790800929F2E /* Frameworks */ = {
			isa = PBXFrameworksBuildPhase;
			buildActionMask = 2147483647;
			files = (
			);
			runOnlyForDeploymentPostprocessing = 0;
		};
/* End PBXFrameworksBuildPhase section */

/* Begin PBXGroup section */
		124FF4BC2A0584BA0071399E /* Modules */ = {
			isa = PBXGroup;
			children = (
				128052302A063C73004F2ECD /* Home */,
				1280522F2A063C51004F2ECD /* Onboarding */,
				124FF4BD2A0584BA0071399E /* Registration */,
				124FF4BE2A0584BA0071399E /* Profile */,
				124FF4BF2A0584BA0071399E /* OTPVerification */,
				124FF4C02A0584BA0071399E /* Login */,
			);
			path = Modules;
			sourceTree = "<group>";
		};
		124FF4BD2A0584BA0071399E /* Registration */ = {
			isa = PBXGroup;
			children = (
				127852162A03AEBB00929F2E /* RegisterViewController.swift */,
				1260C3532A05919A00FAA8B4 /* RegistrationInteractor.swift */,
				1260C34F2A05917500FAA8B4 /* RegistrationPresenter.swift */,
				12644DD62A04CD4400488663 /* RegisterNewUser.swift */,
				12644DE02A04F0EE00488663 /* RegistrationOTPResponse.swift */,
				1260C3512A05918600FAA8B4 /* RegistrationRouter.swift */,
			);
			path = Registration;
			sourceTree = "<group>";
		};
		124FF4BE2A0584BA0071399E /* Profile */ = {
			isa = PBXGroup;
			children = (
				12644DE62A050F3600488663 /* ProfileViewController.swift */,
				1260C3592A0591D600FAA8B4 /* ProfileInteractor.swift */,
				1260C3552A0591BA00FAA8B4 /* ProfilePresenter.swift */,
				1280522B2A06184E004F2ECD /* UpdateProfile.swift */,
				1260C3572A0591C700FAA8B4 /* ProfileRouter.swift */,
			);
			path = Profile;
			sourceTree = "<group>";
		};
		124FF4BF2A0584BA0071399E /* OTPVerification */ = {
			isa = PBXGroup;
			children = (
				1278521C2A03D38200929F2E /* VerifyOTPViewController.swift */,
				1260C35F2A05920A00FAA8B4 /* VerifyOTPInteractor.swift */,
				1260C35B2A0591F100FAA8B4 /* VerifyOTPPresenter.swift */,
				12644DD82A04CDDF00488663 /* VerifyOTP.swift */,
				1260C35D2A0591FE00FAA8B4 /* VerifyOTPRouter.swift */,
			);
			path = OTPVerification;
			sourceTree = "<group>";
		};
		124FF4C02A0584BA0071399E /* Login */ = {
			isa = PBXGroup;
			children = (
				124FF4C12A0585290071399E /* LoginViewController.swift */,
				124FF4C82A0585910071399E /* LoginInteractor.swift */,
				124FF4C42A0585690071399E /* LoginPresenter.swift */,
				12644DE22A04FF7900488663 /* LoginOTPResponse.swift */,
				12644DDA2A04CE3600488663 /* LoginPhoneNumber.swift */,
				124FF4C62A05857C0071399E /* LoginRouter.swift */,
			);
			path = Login;
			sourceTree = "<group>";
		};
		1260D1962A0777C30045AA1B /* SpeedyyTests */ = {
			isa = PBXGroup;
			children = (
				1260D1972A0777C30045AA1B /* SpeedyyTests.swift */,
				1260D19E2A0779CB0045AA1B /* LoginTests.swift */,
				1260D1A02A0779F70045AA1B /* RegistrationTests.swift */,
				1260D1A22A077A090045AA1B /* LoginVerifyOTPTests.swift */,
				127A3D152A07911500A10739 /* RegistrationVerifyOTPTests.swift */,
				1222914A2A0D08300058BBCF /* PhoneNumberTest.swift */,
			);
			path = SpeedyyTests;
			sourceTree = "<group>";
		};
		12644DD52A04CD2A00488663 /* NetworkManager */ = {
			isa = PBXGroup;
			children = (
				12644DDC2A04CEDC00488663 /* ServiceManager.swift */,
				124FF4B62A057BA70071399E /* LoginServiceManager.swift */,
				124FF4B82A057BBA0071399E /* RegistrationServiceManager.swift */,
				124FF4BA2A057BCA0071399E /* ProfileServiceManager.swift */,
			);
			path = NetworkManager;
			sourceTree = "<group>";
		};
		127851F22A03790800929F2E = {
			isa = PBXGroup;
			children = (
				127851FD2A03790800929F2E /* Speedyy */,
				1260D1962A0777C30045AA1B /* SpeedyyTests */,
				127851FC2A03790800929F2E /* Products */,
			);
			sourceTree = "<group>";
		};
		127851FC2A03790800929F2E /* Products */ = {
			isa = PBXGroup;
			children = (
				127851FB2A03790800929F2E /* Speedyy.app */,
				1260D1952A0777C30045AA1B /* SpeedyyTests.xctest */,
			);
			name = Products;
			sourceTree = "<group>";
		};
		127851FD2A03790800929F2E /* Speedyy */ = {
			isa = PBXGroup;
			children = (
				1280522E2A063C28004F2ECD /* Components */,
				1280522D2A063BB6004F2ECD /* Utilities */,
				124FF4BC2A0584BA0071399E /* Modules */,
				12644DD52A04CD2A00488663 /* NetworkManager */,
				127851FE2A03790800929F2E /* AppDelegate.swift */,
				127852002A03790800929F2E /* SceneDelegate.swift */,
				127852072A03790900929F2E /* Assets.xcassets */,
				127852092A03790900929F2E /* LaunchScreen.storyboard */,
				1278520C2A03790900929F2E /* Info.plist */,
			);
			path = Speedyy;
			sourceTree = "<group>";
		};
		1280522D2A063BB6004F2ECD /* Utilities */ = {
			isa = PBXGroup;
			children = (
				1278521A2A03C59A00929F2E /* ViewControllerExtension.swift */,
				126CE4782A03F7CE005A5FA3 /* UITextFieldExtension.swift */,
				122291482A0D07500058BBCF /* StringsExtension.swift */,
			);
			path = Utilities;
			sourceTree = "<group>";
		};
		1280522E2A063C28004F2ECD /* Components */ = {
			isa = PBXGroup;
			children = (
				12644DE42A050E7500488663 /* MainTabBarViewController.swift */,
			);
			path = Components;
			sourceTree = "<group>";
		};
		1280522F2A063C51004F2ECD /* Onboarding */ = {
			isa = PBXGroup;
			children = (
				127852122A03979000929F2E /* OnboardingCollectionViewCell.swift */,
				127852022A03790800929F2E /* OnboardingViewController.swift */,
			);
			path = Onboarding;
			sourceTree = "<group>";
		};
		128052302A063C73004F2ECD /* Home */ = {
			isa = PBXGroup;
			children = (
				12644DDE2A04EF1000488663 /* HomeViewController.swift */,
			);
			path = Home;
			sourceTree = "<group>";
		};
/* End PBXGroup section */

/* Begin PBXNativeTarget section */
		1260D1942A0777C30045AA1B /* SpeedyyTests */ = {
			isa = PBXNativeTarget;
			buildConfigurationList = 1260D19D2A0777C30045AA1B /* Build configuration list for PBXNativeTarget "SpeedyyTests" */;
			buildPhases = (
				1260D1912A0777C30045AA1B /* Sources */,
				1260D1922A0777C30045AA1B /* Frameworks */,
				1260D1932A0777C30045AA1B /* Resources */,
			);
			buildRules = (
			);
			dependencies = (
				1260D19A2A0777C30045AA1B /* PBXTargetDependency */,
			);
			name = SpeedyyTests;
			productName = SpeedyyTests;
			productReference = 1260D1952A0777C30045AA1B /* SpeedyyTests.xctest */;
			productType = "com.apple.product-type.bundle.unit-test";
		};
		127851FA2A03790800929F2E /* Speedyy */ = {
			isa = PBXNativeTarget;
			buildConfigurationList = 1278520F2A03790900929F2E /* Build configuration list for PBXNativeTarget "Speedyy" */;
			buildPhases = (
				127851F72A03790800929F2E /* Sources */,
				127851F82A03790800929F2E /* Frameworks */,
				127851F92A03790800929F2E /* Resources */,
			);
			buildRules = (
			);
			dependencies = (
			);
			name = Speedyy;
			productName = Speedyy;
			productReference = 127851FB2A03790800929F2E /* Speedyy.app */;
			productType = "com.apple.product-type.application";
		};
/* End PBXNativeTarget section */

/* Begin PBXProject section */
		127851F32A03790800929F2E /* Project object */ = {
			isa = PBXProject;
			attributes = {
				BuildIndependentTargetsInParallel = 1;
				LastSwiftUpdateCheck = 1430;
				LastUpgradeCheck = 1430;
				TargetAttributes = {
					1260D1942A0777C30045AA1B = {
						CreatedOnToolsVersion = 14.3;
						TestTargetID = 127851FA2A03790800929F2E;
					};
					127851FA2A03790800929F2E = {
						CreatedOnToolsVersion = 14.3;
					};
				};
			};
			buildConfigurationList = 127851F62A03790800929F2E /* Build configuration list for PBXProject "Speedyy" */;
			compatibilityVersion = "Xcode 14.0";
			developmentRegion = en;
			hasScannedForEncodings = 0;
			knownRegions = (
				en,
				Base,
			);
			mainGroup = 127851F22A03790800929F2E;
			productRefGroup = 127851FC2A03790800929F2E /* Products */;
			projectDirPath = "";
			projectRoot = "";
			targets = (
				127851FA2A03790800929F2E /* Speedyy */,
				1260D1942A0777C30045AA1B /* SpeedyyTests */,
			);
		};
/* End PBXProject section */

/* Begin PBXResourcesBuildPhase section */
		1260D1932A0777C30045AA1B /* Resources */ = {
			isa = PBXResourcesBuildPhase;
			buildActionMask = 2147483647;
			files = (
			);
			runOnlyForDeploymentPostprocessing = 0;
		};
		127851F92A03790800929F2E /* Resources */ = {
			isa = PBXResourcesBuildPhase;
			buildActionMask = 2147483647;
			files = (
				1278520B2A03790900929F2E /* LaunchScreen.storyboard in Resources */,
				127852082A03790900929F2E /* Assets.xcassets in Resources */,
			);
			runOnlyForDeploymentPostprocessing = 0;
		};
/* End PBXResourcesBuildPhase section */

/* Begin PBXSourcesBuildPhase section */
		1260D1912A0777C30045AA1B /* Sources */ = {
			isa = PBXSourcesBuildPhase;
			buildActionMask = 2147483647;
			files = (
				127A3D162A07911500A10739 /* RegistrationVerifyOTPTests.swift in Sources */,
				1222914B2A0D08300058BBCF /* PhoneNumberTest.swift in Sources */,
				1260D1A12A0779F70045AA1B /* RegistrationTests.swift in Sources */,
				1260D1982A0777C30045AA1B /* SpeedyyTests.swift in Sources */,
				1260D1A32A077A090045AA1B /* LoginVerifyOTPTests.swift in Sources */,
				1260D19F2A0779CB0045AA1B /* LoginTests.swift in Sources */,
			);
			runOnlyForDeploymentPostprocessing = 0;
		};
		127851F72A03790800929F2E /* Sources */ = {
			isa = PBXSourcesBuildPhase;
			buildActionMask = 2147483647;
			files = (
				127852032A03790800929F2E /* OnboardingViewController.swift in Sources */,
				12644DDD2A04CEDC00488663 /* ServiceManager.swift in Sources */,
				12644DDB2A04CE3600488663 /* LoginPhoneNumber.swift in Sources */,
				12644DE52A050E7600488663 /* MainTabBarViewController.swift in Sources */,
				124FF4C52A0585690071399E /* LoginPresenter.swift in Sources */,
				1260C3522A05918600FAA8B4 /* RegistrationRouter.swift in Sources */,
				12644DD92A04CDDF00488663 /* VerifyOTP.swift in Sources */,
				126CE4792A03F7CE005A5FA3 /* UITextFieldExtension.swift in Sources */,
				12644DE72A050F3600488663 /* ProfileViewController.swift in Sources */,
				12644DDF2A04EF1000488663 /* HomeViewController.swift in Sources */,
				1260C3562A0591BA00FAA8B4 /* ProfilePresenter.swift in Sources */,
				124FF4C72A05857C0071399E /* LoginRouter.swift in Sources */,
				122291492A0D07500058BBCF /* StringsExtension.swift in Sources */,
				127851FF2A03790800929F2E /* AppDelegate.swift in Sources */,
				1260C3542A05919A00FAA8B4 /* RegistrationInteractor.swift in Sources */,
				1278521B2A03C59A00929F2E /* ViewControllerExtension.swift in Sources */,
				124FF4C22A0585290071399E /* LoginViewController.swift in Sources */,
				127852012A03790800929F2E /* SceneDelegate.swift in Sources */,
				127852172A03AEBB00929F2E /* RegisterViewController.swift in Sources */,
				124FF4B92A057BBA0071399E /* RegistrationServiceManager.swift in Sources */,
				12644DD72A04CD4400488663 /* RegisterNewUser.swift in Sources */,
				12644DE12A04F0EE00488663 /* RegistrationOTPResponse.swift in Sources */,
				12644DE32A04FF7900488663 /* LoginOTPResponse.swift in Sources */,
				1260C35A2A0591D600FAA8B4 /* ProfileInteractor.swift in Sources */,
				1260C3582A0591C700FAA8B4 /* ProfileRouter.swift in Sources */,
				127852132A03979000929F2E /* OnboardingCollectionViewCell.swift in Sources */,
				1260C35E2A0591FE00FAA8B4 /* VerifyOTPRouter.swift in Sources */,
				124FF4C92A0585910071399E /* LoginInteractor.swift in Sources */,
				1260C3502A05917500FAA8B4 /* RegistrationPresenter.swift in Sources */,
				1280522C2A06184E004F2ECD /* UpdateProfile.swift in Sources */,
				1260C3602A05920A00FAA8B4 /* VerifyOTPInteractor.swift in Sources */,
				1260C35C2A0591F100FAA8B4 /* VerifyOTPPresenter.swift in Sources */,
				124FF4BB2A057BCA0071399E /* ProfileServiceManager.swift in Sources */,
				1278521D2A03D38200929F2E /* VerifyOTPViewController.swift in Sources */,
				124FF4B72A057BA70071399E /* LoginServiceManager.swift in Sources */,
			);
			runOnlyForDeploymentPostprocessing = 0;
		};
/* End PBXSourcesBuildPhase section */

/* Begin PBXTargetDependency section */
		1260D19A2A0777C30045AA1B /* PBXTargetDependency */ = {
			isa = PBXTargetDependency;
			target = 127851FA2A03790800929F2E /* Speedyy */;
			targetProxy = 1260D1992A0777C30045AA1B /* PBXContainerItemProxy */;
		};
/* End PBXTargetDependency section */

/* Begin PBXVariantGroup section */
		127852092A03790900929F2E /* LaunchScreen.storyboard */ = {
			isa = PBXVariantGroup;
			children = (
				1278520A2A03790900929F2E /* Base */,
			);
			name = LaunchScreen.storyboard;
			sourceTree = "<group>";
		};
/* End PBXVariantGroup section */

/* Begin XCBuildConfiguration section */
		1260D19B2A0777C30045AA1B /* Debug */ = {
			isa = XCBuildConfiguration;
			buildSettings = {
				BUNDLE_LOADER = "$(TEST_HOST)";
				CODE_SIGN_STYLE = Automatic;
				CURRENT_PROJECT_VERSION = 1;
				GENERATE_INFOPLIST_FILE = YES;
				MARKETING_VERSION = 1.0;
				PRODUCT_BUNDLE_IDENTIFIER = shweta.SpeedyyTests;
				PRODUCT_NAME = "$(TARGET_NAME)";
				SWIFT_EMIT_LOC_STRINGS = NO;
				SWIFT_VERSION = 5.0;
				TARGETED_DEVICE_FAMILY = "1,2";
				TEST_HOST = "$(BUILT_PRODUCTS_DIR)/Speedyy.app/$(BUNDLE_EXECUTABLE_FOLDER_PATH)/Speedyy";
			};
			name = Debug;
		};
		1260D19C2A0777C30045AA1B /* Release */ = {
			isa = XCBuildConfiguration;
			buildSettings = {
				BUNDLE_LOADER = "$(TEST_HOST)";
				CODE_SIGN_STYLE = Automatic;
				CURRENT_PROJECT_VERSION = 1;
				GENERATE_INFOPLIST_FILE = YES;
				MARKETING_VERSION = 1.0;
				PRODUCT_BUNDLE_IDENTIFIER = shweta.SpeedyyTests;
				PRODUCT_NAME = "$(TARGET_NAME)";
				SWIFT_EMIT_LOC_STRINGS = NO;
				SWIFT_VERSION = 5.0;
				TARGETED_DEVICE_FAMILY = "1,2";
				TEST_HOST = "$(BUILT_PRODUCTS_DIR)/Speedyy.app/$(BUNDLE_EXECUTABLE_FOLDER_PATH)/Speedyy";
			};
			name = Release;
		};
		1278520D2A03790900929F2E /* Debug */ = {
			isa = XCBuildConfiguration;
			buildSettings = {
				ALWAYS_SEARCH_USER_PATHS = NO;
				CLANG_ANALYZER_NONNULL = YES;
				CLANG_ANALYZER_NUMBER_OBJECT_CONVERSION = YES_AGGRESSIVE;
				CLANG_CXX_LANGUAGE_STANDARD = "gnu++20";
				CLANG_ENABLE_MODULES = YES;
				CLANG_ENABLE_OBJC_ARC = YES;
				CLANG_ENABLE_OBJC_WEAK = YES;
				CLANG_WARN_BLOCK_CAPTURE_AUTORELEASING = YES;
				CLANG_WARN_BOOL_CONVERSION = YES;
				CLANG_WARN_COMMA = YES;
				CLANG_WARN_CONSTANT_CONVERSION = YES;
				CLANG_WARN_DEPRECATED_OBJC_IMPLEMENTATIONS = YES;
				CLANG_WARN_DIRECT_OBJC_ISA_USAGE = YES_ERROR;
				CLANG_WARN_DOCUMENTATION_COMMENTS = YES;
				CLANG_WARN_EMPTY_BODY = YES;
				CLANG_WARN_ENUM_CONVERSION = YES;
				CLANG_WARN_INFINITE_RECURSION = YES;
				CLANG_WARN_INT_CONVERSION = YES;
				CLANG_WARN_NON_LITERAL_NULL_CONVERSION = YES;
				CLANG_WARN_OBJC_IMPLICIT_RETAIN_SELF = YES;
				CLANG_WARN_OBJC_LITERAL_CONVERSION = YES;
				CLANG_WARN_OBJC_ROOT_CLASS = YES_ERROR;
				CLANG_WARN_QUOTED_INCLUDE_IN_FRAMEWORK_HEADER = YES;
				CLANG_WARN_RANGE_LOOP_ANALYSIS = YES;
				CLANG_WARN_STRICT_PROTOTYPES = YES;
				CLANG_WARN_SUSPICIOUS_MOVE = YES;
				CLANG_WARN_UNGUARDED_AVAILABILITY = YES_AGGRESSIVE;
				CLANG_WARN_UNREACHABLE_CODE = YES;
				CLANG_WARN__DUPLICATE_METHOD_MATCH = YES;
				COPY_PHASE_STRIP = NO;
				DEBUG_INFORMATION_FORMAT = dwarf;
				ENABLE_STRICT_OBJC_MSGSEND = YES;
				ENABLE_TESTABILITY = YES;
				GCC_C_LANGUAGE_STANDARD = gnu11;
				GCC_DYNAMIC_NO_PIC = NO;
				GCC_NO_COMMON_BLOCKS = YES;
				GCC_OPTIMIZATION_LEVEL = 0;
				GCC_PREPROCESSOR_DEFINITIONS = (
					"DEBUG=1",
					"$(inherited)",
				);
				GCC_WARN_64_TO_32_BIT_CONVERSION = YES;
				GCC_WARN_ABOUT_RETURN_TYPE = YES_ERROR;
				GCC_WARN_UNDECLARED_SELECTOR = YES;
				GCC_WARN_UNINITIALIZED_AUTOS = YES_AGGRESSIVE;
				GCC_WARN_UNUSED_FUNCTION = YES;
				GCC_WARN_UNUSED_VARIABLE = YES;
				IPHONEOS_DEPLOYMENT_TARGET = 16.4;
				MTL_ENABLE_DEBUG_INFO = INCLUDE_SOURCE;
				MTL_FAST_MATH = YES;
				ONLY_ACTIVE_ARCH = YES;
				SDKROOT = iphoneos;
				SWIFT_ACTIVE_COMPILATION_CONDITIONS = DEBUG;
				SWIFT_OPTIMIZATION_LEVEL = "-Onone";
			};
			name = Debug;
		};
		1278520E2A03790900929F2E /* Release */ = {
			isa = XCBuildConfiguration;
			buildSettings = {
				ALWAYS_SEARCH_USER_PATHS = NO;
				CLANG_ANALYZER_NONNULL = YES;
				CLANG_ANALYZER_NUMBER_OBJECT_CONVERSION = YES_AGGRESSIVE;
				CLANG_CXX_LANGUAGE_STANDARD = "gnu++20";
				CLANG_ENABLE_MODULES = YES;
				CLANG_ENABLE_OBJC_ARC = YES;
				CLANG_ENABLE_OBJC_WEAK = YES;
				CLANG_WARN_BLOCK_CAPTURE_AUTORELEASING = YES;
				CLANG_WARN_BOOL_CONVERSION = YES;
				CLANG_WARN_COMMA = YES;
				CLANG_WARN_CONSTANT_CONVERSION = YES;
				CLANG_WARN_DEPRECATED_OBJC_IMPLEMENTATIONS = YES;
				CLANG_WARN_DIRECT_OBJC_ISA_USAGE = YES_ERROR;
				CLANG_WARN_DOCUMENTATION_COMMENTS = YES;
				CLANG_WARN_EMPTY_BODY = YES;
				CLANG_WARN_ENUM_CONVERSION = YES;
				CLANG_WARN_INFINITE_RECURSION = YES;
				CLANG_WARN_INT_CONVERSION = YES;
				CLANG_WARN_NON_LITERAL_NULL_CONVERSION = YES;
				CLANG_WARN_OBJC_IMPLICIT_RETAIN_SELF = YES;
				CLANG_WARN_OBJC_LITERAL_CONVERSION = YES;
				CLANG_WARN_OBJC_ROOT_CLASS = YES_ERROR;
				CLANG_WARN_QUOTED_INCLUDE_IN_FRAMEWORK_HEADER = YES;
				CLANG_WARN_RANGE_LOOP_ANALYSIS = YES;
				CLANG_WARN_STRICT_PROTOTYPES = YES;
				CLANG_WARN_SUSPICIOUS_MOVE = YES;
				CLANG_WARN_UNGUARDED_AVAILABILITY = YES_AGGRESSIVE;
				CLANG_WARN_UNREACHABLE_CODE = YES;
				CLANG_WARN__DUPLICATE_METHOD_MATCH = YES;
				COPY_PHASE_STRIP = NO;
				DEBUG_INFORMATION_FORMAT = "dwarf-with-dsym";
				ENABLE_NS_ASSERTIONS = NO;
				ENABLE_STRICT_OBJC_MSGSEND = YES;
				GCC_C_LANGUAGE_STANDARD = gnu11;
				GCC_NO_COMMON_BLOCKS = YES;
				GCC_WARN_64_TO_32_BIT_CONVERSION = YES;
				GCC_WARN_ABOUT_RETURN_TYPE = YES_ERROR;
				GCC_WARN_UNDECLARED_SELECTOR = YES;
				GCC_WARN_UNINITIALIZED_AUTOS = YES_AGGRESSIVE;
				GCC_WARN_UNUSED_FUNCTION = YES;
				GCC_WARN_UNUSED_VARIABLE = YES;
				IPHONEOS_DEPLOYMENT_TARGET = 16.4;
				MTL_ENABLE_DEBUG_INFO = NO;
				MTL_FAST_MATH = YES;
				SDKROOT = iphoneos;
				SWIFT_COMPILATION_MODE = wholemodule;
				SWIFT_OPTIMIZATION_LEVEL = "-O";
				VALIDATE_PRODUCT = YES;
			};
			name = Release;
		};
		127852102A03790900929F2E /* Debug */ = {
			isa = XCBuildConfiguration;
			buildSettings = {
				ASSETCATALOG_COMPILER_APPICON_NAME = AppIcon;
				ASSETCATALOG_COMPILER_GLOBAL_ACCENT_COLOR_NAME = AccentColor;
				CODE_SIGN_STYLE = Automatic;
				CURRENT_PROJECT_VERSION = 1;
				DEVELOPMENT_TEAM = A2SHALJXA8;
				GENERATE_INFOPLIST_FILE = YES;
				INFOPLIST_FILE = Speedyy/Info.plist;
				INFOPLIST_KEY_UIApplicationSupportsIndirectInputEvents = YES;
				INFOPLIST_KEY_UILaunchStoryboardName = LaunchScreen;
				INFOPLIST_KEY_UISupportedInterfaceOrientations_iPad = "UIInterfaceOrientationPortrait UIInterfaceOrientationPortraitUpsideDown UIInterfaceOrientationLandscapeLeft UIInterfaceOrientationLandscapeRight";
				INFOPLIST_KEY_UISupportedInterfaceOrientations_iPhone = "UIInterfaceOrientationPortrait UIInterfaceOrientationLandscapeLeft UIInterfaceOrientationLandscapeRight";
				LD_RUNPATH_SEARCH_PATHS = (
					"$(inherited)",
					"@executable_path/Frameworks",
				);
				MARKETING_VERSION = 1.0;
				PRODUCT_BUNDLE_IDENTIFIER = shweta.Speedyy;
				PRODUCT_NAME = "$(TARGET_NAME)";
				SWIFT_EMIT_LOC_STRINGS = YES;
				SWIFT_VERSION = 5.0;
				TARGETED_DEVICE_FAMILY = "1,2";
			};
			name = Debug;
		};
		127852112A03790900929F2E /* Release */ = {
			isa = XCBuildConfiguration;
			buildSettings = {
				ASSETCATALOG_COMPILER_APPICON_NAME = AppIcon;
				ASSETCATALOG_COMPILER_GLOBAL_ACCENT_COLOR_NAME = AccentColor;
				CODE_SIGN_STYLE = Automatic;
				CURRENT_PROJECT_VERSION = 1;
				DEVELOPMENT_TEAM = A2SHALJXA8;
				GENERATE_INFOPLIST_FILE = YES;
				INFOPLIST_FILE = Speedyy/Info.plist;
				INFOPLIST_KEY_UIApplicationSupportsIndirectInputEvents = YES;
				INFOPLIST_KEY_UILaunchStoryboardName = LaunchScreen;
				INFOPLIST_KEY_UISupportedInterfaceOrientations_iPad = "UIInterfaceOrientationPortrait UIInterfaceOrientationPortraitUpsideDown UIInterfaceOrientationLandscapeLeft UIInterfaceOrientationLandscapeRight";
				INFOPLIST_KEY_UISupportedInterfaceOrientations_iPhone = "UIInterfaceOrientationPortrait UIInterfaceOrientationLandscapeLeft UIInterfaceOrientationLandscapeRight";
				LD_RUNPATH_SEARCH_PATHS = (
					"$(inherited)",
					"@executable_path/Frameworks",
				);
				MARKETING_VERSION = 1.0;
				PRODUCT_BUNDLE_IDENTIFIER = shweta.Speedyy;
				PRODUCT_NAME = "$(TARGET_NAME)";
				SWIFT_EMIT_LOC_STRINGS = YES;
				SWIFT_VERSION = 5.0;
				TARGETED_DEVICE_FAMILY = "1,2";
			};
			name = Release;
		};
/* End XCBuildConfiguration section */

/* Begin XCConfigurationList section */
		1260D19D2A0777C30045AA1B /* Build configuration list for PBXNativeTarget "SpeedyyTests" */ = {
			isa = XCConfigurationList;
			buildConfigurations = (
				1260D19B2A0777C30045AA1B /* Debug */,
				1260D19C2A0777C30045AA1B /* Release */,
			);
			defaultConfigurationIsVisible = 0;
			defaultConfigurationName = Release;
		};
		127851F62A03790800929F2E /* Build configuration list for PBXProject "Speedyy" */ = {
			isa = XCConfigurationList;
			buildConfigurations = (
				1278520D2A03790900929F2E /* Debug */,
				1278520E2A03790900929F2E /* Release */,
			);
			defaultConfigurationIsVisible = 0;
			defaultConfigurationName = Release;
		};
		1278520F2A03790900929F2E /* Build configuration list for PBXNativeTarget "Speedyy" */ = {
			isa = XCConfigurationList;
			buildConfigurations = (
				127852102A03790900929F2E /* Debug */,
				127852112A03790900929F2E /* Release */,
			);
			defaultConfigurationIsVisible = 0;
			defaultConfigurationName = Release;
		};
/* End XCConfigurationList section */
	};
	rootObject = 127851F32A03790800929F2E /* Project object */;
}
